
Microsoft Visual Studio Solution File, Format Version 12.00
# Visual Studio Version 17
VisualStudioVersion = 17.9.34728.123
MinimumVisualStudioVersion = 10.0.40219.1
Project("{2150E333-8FDC-42A3-9474-1A3956D46DE8}") = "src", "src", "{0D6D29E3-FE77-4CD4-B355-8109ECC2E4B8}"
EndProject
Project("{2150E333-8FDC-42A3-9474-1A3956D46DE8}") = "ApiGateways", "ApiGateways", "{E8167C81-7898-41B2-B87B-960BC61AB1D5}"
EndProject
Project("{2150E333-8FDC-42A3-9474-1A3956D46DE8}") = "WebApiGateway", "WebApiGateway", "{C056410A-B724-4613-B705-3FED1FC2E725}"
EndProject
Project("{9A19103F-16F7-4668-BE54-9A1E7A4F7556}") = "Web.ApiGateway", "src\ApiGateways\WebApiGateway\Web.ApiGateway\Web.ApiGateway.csproj", "{C6A869A3-A8E2-4D22-8D4A-4552BFE28B88}"
EndProject
Project("{2150E333-8FDC-42A3-9474-1A3956D46DE8}") = "BuildingBlocks", "BuildingBlocks", "{1430FBB1-A094-45FC-BAE3-AEBB0D63C1F3}"
EndProject
Project("{2150E333-8FDC-42A3-9474-1A3956D46DE8}") = "EventBus", "EventBus", "{E2C6926B-61A4-4BFE-BF01-A09F8EB7E904}"
EndProject
Project("{2150E333-8FDC-42A3-9474-1A3956D46DE8}") = "Clients", "Clients", "{3D50E346-3940-45AF-A733-B5F3D81F9D0B}"
EndProject
Project("{2150E333-8FDC-42A3-9474-1A3956D46DE8}") = "Services", "Services", "{83903D17-8AA6-4D6A-8083-4B97B3AFDEF9}"
EndProject
Project("{2150E333-8FDC-42A3-9474-1A3956D46DE8}") = "ProductService", "ProductService", "{301CB353-3FF7-4225-AC3D-308F575EF38C}"
EndProject
Project("{2150E333-8FDC-42A3-9474-1A3956D46DE8}") = "tests", "tests", "{B1A1F4E1-5C91-4264-8EF3-1B74B9B0FCDE}"
EndProject
Project("{2150E333-8FDC-42A3-9474-1A3956D46DE8}") = "BuildingBlocks", "BuildingBlocks", "{297D2C0D-4DD8-4C94-8812-A65AE808FDE9}"
EndProject
Project("{9A19103F-16F7-4668-BE54-9A1E7A4F7556}") = "EventBus.Base", "src\BuildingBlocks\EventBus\EventBus.Base\EventBus.Base.csproj", "{8B05A0AD-5737-41F5-9E24-680C4C4F3702}"
EndProject
Project("{9A19103F-16F7-4668-BE54-9A1E7A4F7556}") = "EventBus.Factory", "src\BuildingBlocks\EventBus\EventBus.Factory\EventBus.Factory.csproj", "{1905A42E-4D2A-4ED6-83DB-4E8D0617CA65}"
EndProject
Project("{9A19103F-16F7-4668-BE54-9A1E7A4F7556}") = "EventBus.RabbitMQ", "src\BuildingBlocks\EventBus\EventBus.RabbitMQ\EventBus.RabbitMQ.csproj", "{47B74738-2A8C-4B8E-B200-3FE2B31012E6}"
EndProject
Project("{9A19103F-16F7-4668-BE54-9A1E7A4F7556}") = "EventBus.UnitTest", "tests\BuildingBlocks\EventBus.UnitTest\EventBus.UnitTest.csproj", "{DD92D820-EFEC-4F8F-B760-F183E523279A}"
EndProject
Project("{FAE04EC0-301F-11D3-BF4B-00C04F79EFBC}") = "ProductService.Api", "src\Services\ProductService\ProductService.Api\ProductService.Api.csproj", "{04F03C72-C7E8-4661-8D37-83578D961910}"
EndProject
Project("{2150E333-8FDC-42A3-9474-1A3956D46DE8}") = "SolutionItems", "SolutionItems", "{77C5AFDE-B732-4AC0-8C78-AEABBC1C85E6}"
	ProjectSection(SolutionItems) = preProject
		ServiceUrls.txt = ServiceUrls.txt
	EndProjectSection
EndProject
Global
	GlobalSection(SolutionConfigurationPlatforms) = preSolution
		Debug|Any CPU = Debug|Any CPU
		Release|Any CPU = Release|Any CPU
	EndGlobalSection
	GlobalSection(ProjectConfigurationPlatforms) = postSolution
		{C6A869A3-A8E2-4D22-8D4A-4552BFE28B88}.Debug|Any CPU.ActiveCfg = Debug|Any CPU
		{C6A869A3-A8E2-4D22-8D4A-4552BFE28B88}.Debug|Any CPU.Build.0 = Debug|Any CPU
		{C6A869A3-A8E2-4D22-8D4A-4552BFE28B88}.Release|Any CPU.ActiveCfg = Release|Any CPU
		{C6A869A3-A8E2-4D22-8D4A-4552BFE28B88}.Release|Any CPU.Build.0 = Release|Any CPU
		{8B05A0AD-5737-41F5-9E24-680C4C4F3702}.Debug|Any CPU.ActiveCfg = Debug|Any CPU
		{8B05A0AD-5737-41F5-9E24-680C4C4F3702}.Debug|Any CPU.Build.0 = Debug|Any CPU
		{8B05A0AD-5737-41F5-9E24-680C4C4F3702}.Release|Any CPU.ActiveCfg = Release|Any CPU
		{8B05A0AD-5737-41F5-9E24-680C4C4F3702}.Release|Any CPU.Build.0 = Release|Any CPU
		{1905A42E-4D2A-4ED6-83DB-4E8D0617CA65}.Debug|Any CPU.ActiveCfg = Debug|Any CPU
		{1905A42E-4D2A-4ED6-83DB-4E8D0617CA65}.Debug|Any CPU.Build.0 = Debug|Any CPU
		{1905A42E-4D2A-4ED6-83DB-4E8D0617CA65}.Release|Any CPU.ActiveCfg = Release|Any CPU
		{1905A42E-4D2A-4ED6-83DB-4E8D0617CA65}.Release|Any CPU.Build.0 = Release|Any CPU
		{47B74738-2A8C-4B8E-B200-3FE2B31012E6}.Debug|Any CPU.ActiveCfg = Debug|Any CPU
		{47B74738-2A8C-4B8E-B200-3FE2B31012E6}.Debug|Any CPU.Build.0 = Debug|Any CPU
		{47B74738-2A8C-4B8E-B200-3FE2B31012E6}.Release|Any CPU.ActiveCfg = Release|Any CPU
		{47B74738-2A8C-4B8E-B200-3FE2B31012E6}.Release|Any CPU.Build.0 = Release|Any CPU
		{DD92D820-EFEC-4F8F-B760-F183E523279A}.Debug|Any CPU.ActiveCfg = Debug|Any CPU
		{DD92D820-EFEC-4F8F-B760-F183E523279A}.Debug|Any CPU.Build.0 = Debug|Any CPU
		{DD92D820-EFEC-4F8F-B760-F183E523279A}.Release|Any CPU.ActiveCfg = Release|Any CPU
		{DD92D820-EFEC-4F8F-B760-F183E523279A}.Release|Any CPU.Build.0 = Release|Any CPU
		{04F03C72-C7E8-4661-8D37-83578D961910}.Debug|Any CPU.ActiveCfg = Debug|Any CPU
		{04F03C72-C7E8-4661-8D37-83578D961910}.Debug|Any CPU.Build.0 = Debug|Any CPU
		{04F03C72-C7E8-4661-8D37-83578D961910}.Release|Any CPU.ActiveCfg = Release|Any CPU
		{04F03C72-C7E8-4661-8D37-83578D961910}.Release|Any CPU.Build.0 = Release|Any CPU
	EndGlobalSection
	GlobalSection(SolutionProperties) = preSolution
		HideSolutionNode = FALSE
	EndGlobalSection
	GlobalSection(NestedProjects) = preSolution
		{E8167C81-7898-41B2-B87B-960BC61AB1D5} = {0D6D29E3-FE77-4CD4-B355-8109ECC2E4B8}
		{C056410A-B724-4613-B705-3FED1FC2E725} = {E8167C81-7898-41B2-B87B-960BC61AB1D5}
		{C6A869A3-A8E2-4D22-8D4A-4552BFE28B88} = {C056410A-B724-4613-B705-3FED1FC2E725}
		{1430FBB1-A094-45FC-BAE3-AEBB0D63C1F3} = {0D6D29E3-FE77-4CD4-B355-8109ECC2E4B8}
		{E2C6926B-61A4-4BFE-BF01-A09F8EB7E904} = {1430FBB1-A094-45FC-BAE3-AEBB0D63C1F3}
		{3D50E346-3940-45AF-A733-B5F3D81F9D0B} = {0D6D29E3-FE77-4CD4-B355-8109ECC2E4B8}
		{83903D17-8AA6-4D6A-8083-4B97B3AFDEF9} = {0D6D29E3-FE77-4CD4-B355-8109ECC2E4B8}
		{301CB353-3FF7-4225-AC3D-308F575EF38C} = {83903D17-8AA6-4D6A-8083-4B97B3AFDEF9}
		{297D2C0D-4DD8-4C94-8812-A65AE808FDE9} = {B1A1F4E1-5C91-4264-8EF3-1B74B9B0FCDE}
		{8B05A0AD-5737-41F5-9E24-680C4C4F3702} = {E2C6926B-61A4-4BFE-BF01-A09F8EB7E904}
		{1905A42E-4D2A-4ED6-83DB-4E8D0617CA65} = {E2C6926B-61A4-4BFE-BF01-A09F8EB7E904}
		{47B74738-2A8C-4B8E-B200-3FE2B31012E6} = {E2C6926B-61A4-4BFE-BF01-A09F8EB7E904}
		{DD92D820-EFEC-4F8F-B760-F183E523279A} = {297D2C0D-4DD8-4C94-8812-A65AE808FDE9}
		{04F03C72-C7E8-4661-8D37-83578D961910} = {301CB353-3FF7-4225-AC3D-308F575EF38C}
	EndGlobalSection
	GlobalSection(ExtensibilityGlobals) = postSolution
		SolutionGuid = {4E1197E8-2F72-4D63-8995-9F5B42376481}
	EndGlobalSection
EndGlobal
